
Microsoft Visual Studio Solution File, Format Version 12.00
# Visual Studio 2013
VisualStudioVersion = 12.0.21005.1
MinimumVisualStudioVersion = 10.0.40219.1
Project("{FAE04EC0-301F-11D3-BF4B-00C04F79EFBC}") = "SmartKids", "SmartKids\SmartKids.csproj", "{659905F7-8C1F-4FAE-903F-29C9737F2F04}"
EndProject
Global
	GlobalSection(SolutionConfigurationPlatforms) = preSolution
		Debug|Any CPU = Debug|Any CPU
		Release|Any CPU = Release|Any CPU
	EndGlobalSection
	GlobalSection(ProjectConfigurationPlatforms) = postSolution
		{659905F7-8C1F-4FAE-903F-29C9737F2F04}.Debug|Any CPU.ActiveCfg = Debug|Any CPU
		{659905F7-8C1F-4FAE-903F-29C9737F2F04}.Debug|Any CPU.Build.0 = Debug|Any CPU
		{659905F7-8C1F-4FAE-903F-29C9737F2F04}.Release|Any CPU.ActiveCfg = Release|Any CPU
		{659905F7-8C1F-4FAE-903F-29C9737F2F04}.Release|Any CPU.Build.0 = Release|Any CPU
	EndGlobalSection
	GlobalSection(SolutionProperties) = preSolution
		HideSolutionNode = FALSE
	EndGlobalSection
EndGlobal
